
Microsoft Visual Studio Solution File, Format Version 12.00
# Visual Studio Version 17
VisualStudioVersion = 17.14.36616.10
MinimumVisualStudioVersion = 10.0.40219.1
Project("{FAE04EC0-301F-11D3-BF4B-00C04F79EFBC}") = "VtmCharacterGenerator.Core", "VtmCharacterGenerator.Core\VtmCharacterGenerator.Core.csproj", "{5A2A4460-7291-424C-A715-884C83CFB443}"
EndProject
Project("{FAE04EC0-301F-11D3-BF4B-00C04F79EFBC}") = "VtmCharacterGenerator.ConsoleHost", "VtmCharacterGenerator.ConsoleHost\VtmCharacterGenerator.ConsoleHost.csproj", "{B39D39ED-E91B-4F7C-9033-2EEEAC4331A4}"
EndProject
Project("{FAE04EC0-301F-11D3-BF4B-00C04F79EFBC}") = "VtmCharacterGenerator.WebApp", "VtmCharacterGenerator.WebApp\VtmCharacterGenerator.WebApp.csproj", "{C6BDAD92-8A73-4F9F-9E3F-4B37BD2F2362}"
EndProject
Global
	GlobalSection(SolutionConfigurationPlatforms) = preSolution
		Debug|Any CPU = Debug|Any CPU
		Release|Any CPU = Release|Any CPU
	EndGlobalSection
	GlobalSection(ProjectConfigurationPlatforms) = postSolution
		{5A2A4460-7291-424C-A715-884C83CFB443}.Debug|Any CPU.ActiveCfg = Debug|Any CPU
		{5A2A4460-7291-424C-A715-884C83CFB443}.Debug|Any CPU.Build.0 = Debug|Any CPU
		{5A2A4460-7291-424C-A715-884C83CFB443}.Release|Any CPU.ActiveCfg = Release|Any CPU
		{5A2A4460-7291-424C-A715-884C83CFB443}.Release|Any CPU.Build.0 = Release|Any CPU
		{B39D39ED-E91B-4F7C-9033-2EEEAC4331A4}.Debug|Any CPU.ActiveCfg = Debug|Any CPU
		{B39D39ED-E91B-4F7C-9033-2EEEAC4331A4}.Debug|Any CPU.Build.0 = Debug|Any CPU
		{B39D39ED-E91B-4F7C-9033-2EEEAC4331A4}.Release|Any CPU.ActiveCfg = Release|Any CPU
		{B39D39ED-E91B-4F7C-9033-2EEEAC4331A4}.Release|Any CPU.Build.0 = Release|Any CPU
		{C6BDAD92-8A73-4F9F-9E3F-4B37BD2F2362}.Debug|Any CPU.ActiveCfg = Debug|Any CPU
		{C6BDAD92-8A73-4F9F-9E3F-4B37BD2F2362}.Debug|Any CPU.Build.0 = Debug|Any CPU
		{C6BDAD92-8A73-4F9F-9E3F-4B37BD2F2362}.Release|Any CPU.ActiveCfg = Release|Any CPU
		{C6BDAD92-8A73-4F9F-9E3F-4B37BD2F2362}.Release|Any CPU.Build.0 = Release|Any CPU
	EndGlobalSection
	GlobalSection(SolutionProperties) = preSolution
		HideSolutionNode = FALSE
	EndGlobalSection
	GlobalSection(ExtensibilityGlobals) = postSolution
		SolutionGuid = {641A3566-E723-4C5C-A78E-936584096839}
	EndGlobalSection
EndGlobal
